Microsoft Visual Studio Solution File, Format Version 12.00
# Visual Studio 2012
Project("{FAE04EC0-301F-11D3-BF4B-00C04F79EFBC}") = "ActionsTest", "ActionsTest.csproj", "{BDA9AED3-3FCA-46CA-A105-E37D9A428F8A}"
EndProject
Global
	GlobalSection(SolutionConfigurationPlatforms) = preSolution
	Debug|Any CPU = Debug|Any CPU
	ExportDebug|Any CPU = ExportDebug|Any CPU
	ExportRelease|Any CPU = ExportRelease|Any CPU
	EndGlobalSection
	GlobalSection(ProjectConfigurationPlatforms) = postSolution
		{BDA9AED3-3FCA-46CA-A105-E37D9A428F8A}.Debug|Any CPU.ActiveCfg = Debug|Any CPU
		{BDA9AED3-3FCA-46CA-A105-E37D9A428F8A}.Debug|Any CPU.Build.0 = Debug|Any CPU
		{BDA9AED3-3FCA-46CA-A105-E37D9A428F8A}.ExportDebug|Any CPU.ActiveCfg = ExportDebug|Any CPU
		{BDA9AED3-3FCA-46CA-A105-E37D9A428F8A}.ExportDebug|Any CPU.Build.0 = ExportDebug|Any CPU
		{BDA9AED3-3FCA-46CA-A105-E37D9A428F8A}.ExportRelease|Any CPU.ActiveCfg = ExportRelease|Any CPU
		{BDA9AED3-3FCA-46CA-A105-E37D9A428F8A}.ExportRelease|Any CPU.Build.0 = ExportRelease|Any CPU
	EndGlobalSection
EndGlobal
